bou.ke/monkey v1.0.2 h1:kWcnsrCNUatbxncxR/ThdYqbytgOIArtYWqcQLQzKLI=
bou.ke/monkey v1.0.2/go.mod h1:OqickVX3tNx6t33n1xvtTtu85YN5s6cKwVug+oHMaIA=
github.com/fatih/color v1.19.0 h1:Zp3PiM21/9Ld6FzSKyL5c/BULoe/ONr9KlbYVOfG8+w=
github.com/fatih/color v1.19.0/go.mod h1:zNk67I0ZUT1bEGsSGyCZYZNrHuTkJJB+r6Q9VuMi0LE=
github.com/kr/pretty v0.3.1 h1:flRD4NNwYAUpkphVc1HcthR4KEIFJ65n8Mw5qdRn3LE=
github.com/kr/pretty v0.3.1/go.mod h1:hoEshYVHaxMs3cyo3Yncou5ZscifuDolrwPKZanG3xk=
github.com/kr/text v0.2.0 h1:5Nx0Ya0ZqY2ygV366QzturHI13Jq95ApcVaJBhpS+AY=
github.com/kr/text v0.2.0/go.mod h1:eLer722TekiGuMkidMxC/pM04lWEeraHUUmBw8l2grE=
github.com/mattn/go-colorable v0.1.14 h1:9A9LHSqF/7dyVVX6g0U9cwm9pG3kP9gSzcuIPHPsaIE=
github.com/mattn/go-colorable v0.1.14/go.mod h1:6LmQG8QLFO4G5z1gPvYEzlUgJ2wF+stgPZH1UqBm1s8=
github.com/mattn/go-isatty v0.0.21 h1:xYae+lCNBP7QuW4PUnNG61ffM4hVIfm+zUzDuSzYLGs=
github.com/mattn/go-isatty v0.0.21/go.mod h1:ZXfXG4SQHsB/w3ZeOYbR0PrPwLy+n6xiMrJlRFqopa4=
github.com/rogpeppe/go-internal v1.14.1 h1:UQB4HGPB6osV0SQTLymcB4TgvyWu6ZyliaW0tI/otEQ=
github.com/rogpeppe/go-internal v1.14.1/go.mod h1:MaRKkUm5W0goXpeCfT7UZI6fk/L7L7so1lCWt35ZSgc=
github.com/sonnt85/godefault v1.0.0 h1:YLXBpNp0Cu+yv6KID5I7bMhcR2Gsw7sZmReq/WxWruc=
github.com/sonnt85/godefault v1.0.0/go.mod h1:rNTIjEQ/PvgaW20y0L8JVwd+skfXFrLTsaGztOR1tbk=
github.com/sonnt85/gogmap v0.0.0-20240829035007-c95925f2c46d h1:ootynHfIOYj8HR578XVoUebQXY3GW9X2GXRl8HGQDrY=
github.com/sonnt85/gogmap v0.0.0-20240829035007-c95925f2c46d/go.mod h1:2ghtYkariLjJD30naftxG1+UY44DAaqEwf3USZddSxA=
github.com/sonnt85/gosutils v0.0.0-20260416142838-020a7e72d8e4 h1:+qWLqrVt7ai5k16FCbJpl3lkxjPRLBGG6f3IWhcokFg=
github.com/sonnt85/gosutils v0.0.0-20260416142838-020a7e72d8e4/go.mod h1:cQ2HWY5/k1TwvB6AIa0n7apMAic4LyMwPr4LytVFOVY=
github.com/sonnt85/strcase v1.0.0 h1:XKMonz8G6eD9wKyv2GYjlmA8VnAwVdnSyfC+RZ/H3dQ=
github.com/sonnt85/strcase v1.0.0/go.mod h1:/YRP56QzP/C2a215JQKbR8JgdOD99LIi77VonwyudhU=
golang.org/x/sys v0.43.0 h1:Rlag2XtaFTxp19wS8MXlJwTvoh8ArU6ezoyFsMyCTNI=
golang.org/x/sys v0.43.0/go.mod h1:4GL1E5IUh+htKOUEOaiffhrAeqysfVGipDYzABqnCmw=
gopkg.in/check.v1 v1.0.0-20201130134442-10cb98267c6c h1:Hei/4ADfdWqJk1ZMxUNpqntNwaWcugrBjAiHlqqRiVk=
gopkg.in/check.v1 v1.0.0-20201130134442-10cb98267c6c/go.mod h1:JHkPIbrfpd72SG/EVd6muEfDQjcINNoR0C8j2r3qZ4Q=
